// !$*UTF8*$!
{
	archiveVersion = 1;
	classes = {
	};
	objectVersion = 46;
	objects = {

/* Begin PBXBuildFile section */
		5D07D374143A7107004BC2A1 /* Cocoa.framework in Frameworks */ = {isa = PBXBuildFile; fileRef = 5D07D373143A7107004BC2A1 /* Cocoa.framework */; };
		5D07D37E143A7107004BC2A1 /* InfoPlist.strings in Resources */ = {isa = PBXBuildFile; fileRef = 5D07D37C143A7107004BC2A1 /* InfoPlist.strings */; };
		5D07D3AE143A7123004BC2A1 /* GraphPaperCell.h in Headers */ = {isa = PBXBuildFile; fileRef = 5D07D3A4143A7123004BC2A1 /* GraphPaperCell.h */; settings = {ATTRIBUTES = (Public, ); }; };
		5D07D3AF143A7123004BC2A1 /* GraphPaperCell.m in Sources */ = {isa = PBXBuildFile; fileRef = 5D07D3A5143A7123004BC2A1 /* GraphPaperCell.m */; };
		5D07D3B0143A7123004BC2A1 /* GraphPaperView.h in Headers */ = {isa = PBXBuildFile; fileRef = 5D07D3A6143A7123004BC2A1 /* GraphPaperView.h */; settings = {ATTRIBUTES = (Public, ); }; };
		5D07D3B1143A7123004BC2A1 /* GraphPaperView.m in Sources */ = {isa = PBXBuildFile; fileRef = 5D07D3A7143A7123004BC2A1 /* GraphPaperView.m */; };
		5D07D3B2143A7123004BC2A1 /* CellSource.h in Headers */ = {isa = PBXBuildFile; fileRef = 5D07D3A8143A7123004BC2A1 /* CellSource.h */; settings = {ATTRIBUTES = (Public, ); }; };
		5D07D3B3143A7123004BC2A1 /* GraphPaperCellController.h in Headers */ = {isa = PBXBuildFile; fileRef = 5D07D3A9143A7123004BC2A1 /* GraphPaperCellController.h */; settings = {ATTRIBUTES = (Public, ); }; };
		5D07D3B4143A7123004BC2A1 /* GraphPaperCellController.m in Sources */ = {isa = PBXBuildFile; fileRef = 5D07D3AA143A7123004BC2A1 /* GraphPaperCellController.m */; };
		5D07D3BC143A7141004BC2A1 /* TwoKeyDictionaryFramework.framework in Frameworks */ = {isa = PBXBuildFile; fileRef = 5D07D3BB143A7141004BC2A1 /* TwoKeyDictionaryFramework.framework */; };
		5D171D2714409CC30020BFF8 /* TwoKeyDictionaryFramework.framework in Copy Frameworks */ = {isa = PBXBuildFile; fileRef = 5D07D3BB143A7141004BC2A1 /* TwoKeyDictionaryFramework.framework */; };
		5D36F970149424040060D9CB /* Cocoa.framework in Frameworks */ = {isa = PBXBuildFile; fileRef = 5D07D373143A7107004BC2A1 /* Cocoa.framework */; };
		5D36F976149424040060D9CB /* InfoPlist.strings in Resources */ = {isa = PBXBuildFile; fileRef = 5D36F974149424040060D9CB /* InfoPlist.strings */; };
		5D36F978149424040060D9CB /* main.m in Sources */ = {isa = PBXBuildFile; fileRef = 5D36F977149424040060D9CB /* main.m */; };
		5D36F97C149424040060D9CB /* Credits.rtf in Resources */ = {isa = PBXBuildFile; fileRef = 5D36F97A149424040060D9CB /* Credits.rtf */; };
		5D36F97F149424040060D9CB /* AppDelegate.m in Sources */ = {isa = PBXBuildFile; fileRef = 5D36F97E149424040060D9CB /* AppDelegate.m */; };
		5D36F982149424040060D9CB /* MainMenu.xib in Resources */ = {isa = PBXBuildFile; fileRef = 5D36F980149424040060D9CB /* MainMenu.xib */; };
		5D36F99E1494302C0060D9CB /* GraphPaperFramework.framework in Frameworks */ = {isa = PBXBuildFile; fileRef = 5D07D370143A7107004BC2A1 /* GraphPaperFramework.framework */; };
		5D36F9A01494304B0060D9CB /* GraphPaperFramework.framework in CopyFiles */ = {isa = PBXBuildFile; fileRef = 5D07D370143A7107004BC2A1 /* GraphPaperFramework.framework */; };
		5D36F9A1149430770060D9CB /* TwoKeyDictionaryFramework.framework in CopyFiles */ = {isa = PBXBuildFile; fileRef = 5D07D3BB143A7141004BC2A1 /* TwoKeyDictionaryFramework.framework */; };
		5D9EB65614A5454B007ED66A /* ClickSource.h in Headers */ = {isa = PBXBuildFile; fileRef = 5D9EB65414A5454B007ED66A /* ClickSource.h */; };
		5D9EB66114A6022A007ED66A /* CellSourceConstants.h in Headers */ = {isa = PBXBuildFile; fileRef = 5D9EB65F14A6022A007ED66A /* CellSourceConstants.h */; };
		5D9EB66214A6022A007ED66A /* CellSourceConstants.m in Sources */ = {isa = PBXBuildFile; fileRef = 5D9EB66014A6022A007ED66A /* CellSourceConstants.m */; };
		5D9EB66514A60796007ED66A /* ClickSourceConstants.h in Headers */ = {isa = PBXBuildFile; fileRef = 5D9EB66314A60796007ED66A /* ClickSourceConstants.h */; };
		5D9EB66614A60796007ED66A /* ClickSourceConstants.m in Sources */ = {isa = PBXBuildFile; fileRef = 5D9EB66414A60796007ED66A /* ClickSourceConstants.m */; };
		5D9EB67214A63E6C007ED66A /* SenTestingKit.framework in Frameworks */ = {isa = PBXBuildFile; fileRef = 5D07D389143A7107004BC2A1 /* SenTestingKit.framework */; };
		5D9EB67314A63E6C007ED66A /* Cocoa.framework in Frameworks */ = {isa = PBXBuildFile; fileRef = 5D07D373143A7107004BC2A1 /* Cocoa.framework */; };
		5D9EB67914A63E6C007ED66A /* InfoPlist.strings in Resources */ = {isa = PBXBuildFile; fileRef = 5D9EB67714A63E6C007ED66A /* InfoPlist.strings */; };
		5D9EB67C14A63E6C007ED66A /* GraphPaperFrameworkUnitTests.m in Sources */ = {isa = PBXBuildFile; fileRef = 5D9EB67B14A63E6C007ED66A /* GraphPaperFrameworkUnitTests.m */; };
/* End PBXBuildFile section */

/* Begin PBXContainerItemProxy section */
		5D36F99C14942F350060D9CB /* PBXContainerItemProxy */ = {
			isa = PBXContainerItemProxy;
			containerPortal = 5D07D366143A7107004BC2A1 /* Project object */;
			proxyType = 1;
			remoteGlobalIDString = 5D07D36F143A7107004BC2A1;
			remoteInfo = GraphPaperFramework;
		};
/* End PBXContainerItemProxy section */

/* Begin PBXCopyFilesBuildPhase section */
		5D171D2514409CBA0020BFF8 /* Copy Frameworks */ = {
			isa = PBXCopyFilesBuildPhase;
			buildActionMask = 2147483647;
			dstPath = "";
			dstSubfolderSpec = 10;
			files = (
				5D171D2714409CC30020BFF8 /* TwoKeyDictionaryFramework.framework in Copy Frameworks */,
			);
			name = "Copy Frameworks";
			runOnlyForDeploymentPostprocessing = 0;
		};
		5D36F99F149430400060D9CB /* CopyFiles */ = {
			isa = PBXCopyFilesBuildPhase;
			buildActionMask = 2147483647;
			dstPath = "";
			dstSubfolderSpec = 10;
			files = (
				5D36F9A01494304B0060D9CB /* GraphPaperFramework.framework in CopyFiles */,
				5D36F9A1149430770060D9CB /* TwoKeyDictionaryFramework.framework in CopyFiles */,
			);
			runOnlyForDeploymentPostprocessing = 0;
		};
/* End PBXCopyFilesBuildPhase section */

/* Begin PBXFileReference section */
		5D07D370143A7107004BC2A1 /* GraphPaperFramework.framework */ = {isa = PBXFileReference; explicitFileType = wrapper.framework; includeInIndex = 0; path = GraphPaperFramework.framework; sourceTree = BUILT_PRODUCTS_DIR; };
		5D07D373143A7107004BC2A1 /* Cocoa.framework */ = {isa = PBXFileReference; lastKnownFileType = wrapper.framework; name = Cocoa.framework; path = System/Library/Frameworks/Cocoa.framework; sourceTree = SDKROOT; };
		5D07D376143A7107004BC2A1 /* AppKit.framework */ = {isa = PBXFileReference; lastKnownFileType = wrapper.framework; name = AppKit.framework; path = System/Library/Frameworks/AppKit.framework; sourceTree = SDKROOT; };
		5D07D377143A7107004BC2A1 /* CoreData.framework */ = {isa = PBXFileReference; lastKnownFileType = wrapper.framework; name = CoreData.framework; path = System/Library/Frameworks/CoreData.framework; sourceTree = SDKROOT; };
		5D07D378143A7107004BC2A1 /* Foundation.framework */ = {isa = PBXFileReference; lastKnownFileType = wrapper.framework; name = Foundation.framework; path = System/Library/Frameworks/Foundation.framework; sourceTree = SDKROOT; };
		5D07D37B143A7107004BC2A1 /* GraphPaperFramework-Info.plist */ = {isa = PBXFileReference; lastKnownFileType = text.plist.xml; path = "GraphPaperFramework-Info.plist"; sourceTree = "<group>"; };
		5D07D37D143A7107004BC2A1 /* en */ = {isa = PBXFileReference; lastKnownFileType = text.plist.strings; name = en; path = en.lproj/InfoPlist.strings; sourceTree = "<group>"; };
		5D07D37F143A7107004BC2A1 /* GraphPaperFramework-Prefix.pch */ = {isa = PBXFileReference; lastKnownFileType = sourcecode.c.h; path = "GraphPaperFramework-Prefix.pch"; sourceTree = "<group>"; };
		5D07D380143A7107004BC2A1 /* GraphPaperFramework.h */ = {isa = PBXFileReference; lastKnownFileType = sourcecode.c.h; path = GraphPaperFramework.h; sourceTree = "<group>"; };
		5D07D389143A7107004BC2A1 /* SenTestingKit.framework */ = {isa = PBXFileReference; lastKnownFileType = wrapper.framework; name = SenTestingKit.framework; path = Library/Frameworks/SenTestingKit.framework; sourceTree = DEVELOPER_DIR; };
		5D07D3A4143A7123004BC2A1 /* GraphPaperCell.h */ = {isa = PBXFileReference; fileEncoding = 4; lastKnownFileType = sourcecode.c.h; path = GraphPaperCell.h; sourceTree = "<group>"; };
		5D07D3A5143A7123004BC2A1 /* GraphPaperCell.m */ = {isa = PBXFileReference; fileEncoding = 4; lastKnownFileType = sourcecode.c.objc; path = GraphPaperCell.m; sourceTree = "<group>"; };
		5D07D3A6143A7123004BC2A1 /* GraphPaperView.h */ = {isa = PBXFileReference; fileEncoding = 4; lastKnownFileType = sourcecode.c.h; path = GraphPaperView.h; sourceTree = "<group>"; };
		5D07D3A7143A7123004BC2A1 /* GraphPaperView.m */ = {isa = PBXFileReference; fileEncoding = 4; lastKnownFileType = sourcecode.c.objc; path = GraphPaperView.m; sourceTree = "<group>"; };
		5D07D3A8143A7123004BC2A1 /* CellSource.h */ = {isa = PBXFileReference; fileEncoding = 4; lastKnownFileType = sourcecode.c.h; path = CellSource.h; sourceTree = "<group>"; };
		5D07D3A9143A7123004BC2A1 /* GraphPaperCellController.h */ = {isa = PBXFileReference; fileEncoding = 4; lastKnownFileType = sourcecode.c.h; path = GraphPaperCellController.h; sourceTree = "<group>"; };
		5D07D3AA143A7123004BC2A1 /* GraphPaperCellController.m */ = {isa = PBXFileReference; fileEncoding = 4; lastKnownFileType = sourcecode.c.objc; path = GraphPaperCellController.m; sourceTree = "<group>"; };
		5D07D3BB143A7141004BC2A1 /* TwoKeyDictionaryFramework.framework */ = {isa = PBXFileReference; lastKnownFileType = wrapper.framework; path = TwoKeyDictionaryFramework.framework; sourceTree = "<group>"; };
		5D36F96E149424040060D9CB /* GraphPaperFrameworkStake.app */ = {isa = PBXFileReference; explicitFileType = wrapper.application; includeInIndex = 0; path = GraphPaperFrameworkStake.app; sourceTree = BUILT_PRODUCTS_DIR; };
		5D36F973149424040060D9CB /* GraphPaperFrameworkStake-Info.plist */ = {isa = PBXFileReference; lastKnownFileType = text.plist.xml; path = "GraphPaperFrameworkStake-Info.plist"; sourceTree = "<group>"; };
		5D36F975149424040060D9CB /* en */ = {isa = PBXFileReference; lastKnownFileType = text.plist.strings; name = en; path = en.lproj/InfoPlist.strings; sourceTree = "<group>"; };
		5D36F977149424040060D9CB /* main.m */ = {isa = PBXFileReference; lastKnownFileType = sourcecode.c.objc; path = main.m; sourceTree = "<group>"; };
		5D36F979149424040060D9CB /* GraphPaperFrameworkStake-Prefix.pch */ = {isa = PBXFileReference; lastKnownFileType = sourcecode.c.h; path = "GraphPaperFrameworkStake-Prefix.pch"; sourceTree = "<group>"; };
		5D36F97B149424040060D9CB /* en */ = {isa = PBXFileReference; lastKnownFileType = text.rtf; name = en; path = en.lproj/Credits.rtf; sourceTree = "<group>"; };
		5D36F97D149424040060D9CB /* AppDelegate.h */ = {isa = PBXFileReference; lastKnownFileType = sourcecode.c.h; path = AppDelegate.h; sourceTree = "<group>"; };
		5D36F97E149424040060D9CB /* AppDelegate.m */ = {isa = PBXFileReference; lastKnownFileType = sourcecode.c.objc; path = AppDelegate.m; sourceTree = "<group>"; };
		5D36F981149424040060D9CB /* en */ = {isa = PBXFileReference; lastKnownFileType = file.xib; name = en; path = en.lproj/MainMenu.xib; sourceTree = "<group>"; };
		5D9EB65414A5454B007ED66A /* ClickSource.h */ = {isa = PBXFileReference; fileEncoding = 4; lastKnownFileType = sourcecode.c.h; path = ClickSource.h; sourceTree = "<group>"; };
		5D9EB65F14A6022A007ED66A /* CellSourceConstants.h */ = {isa = PBXFileReference; fileEncoding = 4; lastKnownFileType = sourcecode.c.h; path = CellSourceConstants.h; sourceTree = "<group>"; };
		5D9EB66014A6022A007ED66A /* CellSourceConstants.m */ = {isa = PBXFileReference; fileEncoding = 4; lastKnownFileType = sourcecode.c.objc; path = CellSourceConstants.m; sourceTree = "<group>"; };
		5D9EB66314A60796007ED66A /* ClickSourceConstants.h */ = {isa = PBXFileReference; fileEncoding = 4; lastKnownFileType = sourcecode.c.h; path = ClickSourceConstants.h; sourceTree = "<group>"; };
		5D9EB66414A60796007ED66A /* ClickSourceConstants.m */ = {isa = PBXFileReference; fileEncoding = 4; lastKnownFileType = sourcecode.c.objc; path = ClickSourceConstants.m; sourceTree = "<group>"; };
		5D9EB67114A63E6C007ED66A /* GraphPaperFrameworkUnitTests.octest */ = {isa = PBXFileReference; explicitFileType = wrapper.cfbundle; includeInIndex = 0; path = GraphPaperFrameworkUnitTests.octest; sourceTree = BUILT_PRODUCTS_DIR; };
		5D9EB67614A63E6C007ED66A /* GraphPaperFrameworkUnitTests-Info.plist */ = {isa = PBXFileReference; lastKnownFileType = text.plist.xml; path = "GraphPaperFrameworkUnitTests-Info.plist"; sourceTree = "<group>"; };
		5D9EB67814A63E6C007ED66A /* en */ = {isa = PBXFileReference; lastKnownFileType = text.plist.strings; name = en; path = en.lproj/InfoPlist.strings; sourceTree = "<group>"; };
		5D9EB67A14A63E6C007ED66A /* GraphPaperFrameworkUnitTests.h */ = {isa = PBXFileReference; lastKnownFileType = sourcecode.c.h; path = GraphPaperFrameworkUnitTests.h; sourceTree = "<group>"; };
		5D9EB67B14A63E6C007ED66A /* GraphPaperFrameworkUnitTests.m */ = {isa = PBXFileReference; lastKnownFileType = sourcecode.c.objc; path = GraphPaperFrameworkUnitTests.m; sourceTree = "<group>"; };
		5D9EB67D14A63E6C007ED66A /* GraphPaperFrameworkUnitTests-Prefix.pch */ = {isa = PBXFileReference; lastKnownFileType = sourcecode.c.h; path = "GraphPaperFrameworkUnitTests-Prefix.pch"; sourceTree = "<group>"; };
/* End PBXFileReference section */

/* Begin PBXFrameworksBuildPhase section */
		5D07D36C143A7107004BC2A1 /* Frameworks */ = {
			isa = PBXFrameworksBuildPhase;
			buildActionMask = 2147483647;
			files = (
				5D07D374143A7107004BC2A1 /* Cocoa.framework in Frameworks */,
				5D07D3BC143A7141004BC2A1 /* TwoKeyDictionaryFramework.framework in Frameworks */,
			);
			runOnlyForDeploymentPostprocessing = 0;
		};
		5D36F96B149424040060D9CB /* Frameworks */ = {
			isa = PBXFrameworksBuildPhase;
			buildActionMask = 2147483647;
			files = (
				5D36F99E1494302C0060D9CB /* GraphPaperFramework.framework in Frameworks */,
				5D36F970149424040060D9CB /* Cocoa.framework in Frameworks */,
			);
			runOnlyForDeploymentPostprocessing = 0;
		};
		5D9EB66D14A63E6C007ED66A /* Frameworks */ = {
			isa = PBXFrameworksBuildPhase;
			buildActionMask = 2147483647;
			files = (
				5D9EB67214A63E6C007ED66A /* SenTestingKit.framework in Frameworks */,
				5D9EB67314A63E6C007ED66A /* Cocoa.framework in Frameworks */,
			);
			runOnlyForDeploymentPostprocessing = 0;
		};
/* End PBXFrameworksBuildPhase section */

/* Begin PBXGroup section */
		5D07D364143A7107004BC2A1 = {
			isa = PBXGroup;
			children = (
				5D07D379143A7107004BC2A1 /* GraphPaperFramework */,
				5D36F971149424040060D9CB /* GraphPaperFrameworkStake */,
				5D9EB67414A63E6C007ED66A /* GraphPaperFrameworkUnitTests */,
				5D07D372143A7107004BC2A1 /* Frameworks */,
				5D07D371143A7107004BC2A1 /* Products */,
			);
			sourceTree = "<group>";
		};
		5D07D371143A7107004BC2A1 /* Products */ = {
			isa = PBXGroup;
			children = (
				5D07D370143A7107004BC2A1 /* GraphPaperFramework.framework */,
				5D36F96E149424040060D9CB /* GraphPaperFrameworkStake.app */,
				5D9EB67114A63E6C007ED66A /* GraphPaperFrameworkUnitTests.octest */,
			);
			name = Products;
			sourceTree = "<group>";
		};
		5D07D372143A7107004BC2A1 /* Frameworks */ = {
			isa = PBXGroup;
			children = (
				5D07D3BB143A7141004BC2A1 /* TwoKeyDictionaryFramework.framework */,
				5D07D373143A7107004BC2A1 /* Cocoa.framework */,
				5D07D389143A7107004BC2A1 /* SenTestingKit.framework */,
				5D07D375143A7107004BC2A1 /* Other Frameworks */,
			);
			name = Frameworks;
			sourceTree = "<group>";
		};
		5D07D375143A7107004BC2A1 /* Other Frameworks */ = {
			isa = PBXGroup;
			children = (
				5D07D376143A7107004BC2A1 /* AppKit.framework */,
				5D07D377143A7107004BC2A1 /* CoreData.framework */,
				5D07D378143A7107004BC2A1 /* Foundation.framework */,
			);
			name = "Other Frameworks";
			sourceTree = "<group>";
		};
		5D07D379143A7107004BC2A1 /* GraphPaperFramework */ = {
			isa = PBXGroup;
			children = (
				5D07D3A4143A7123004BC2A1 /* GraphPaperCell.h */,
				5D07D3A5143A7123004BC2A1 /* GraphPaperCell.m */,
				5D07D3A6143A7123004BC2A1 /* GraphPaperView.h */,
				5D07D3A7143A7123004BC2A1 /* GraphPaperView.m */,
				5D07D3A8143A7123004BC2A1 /* CellSource.h */,
				5D9EB65414A5454B007ED66A /* ClickSource.h */,
				5D9EB66314A60796007ED66A /* ClickSourceConstants.h */,
				5D9EB66414A60796007ED66A /* ClickSourceConstants.m */,
				5D9EB65F14A6022A007ED66A /* CellSourceConstants.h */,
				5D9EB66014A6022A007ED66A /* CellSourceConstants.m */,
				5D07D3A9143A7123004BC2A1 /* GraphPaperCellController.h */,
				5D07D3AA143A7123004BC2A1 /* GraphPaperCellController.m */,
				5D07D380143A7107004BC2A1 /* GraphPaperFramework.h */,
				5D07D37A143A7107004BC2A1 /* Supporting Files */,
			);
			path = GraphPaperFramework;
			sourceTree = "<group>";
		};
		5D07D37A143A7107004BC2A1 /* Supporting Files */ = {
			isa = PBXGroup;
			children = (
				5D07D37B143A7107004BC2A1 /* GraphPaperFramework-Info.plist */,
				5D07D37C143A7107004BC2A1 /* InfoPlist.strings */,
				5D07D37F143A7107004BC2A1 /* GraphPaperFramework-Prefix.pch */,
			);
			name = "Supporting Files";
			sourceTree = "<group>";
		};
		5D36F971149424040060D9CB /* GraphPaperFrameworkStake */ = {
			isa = PBXGroup;
			children = (
				5D36F97D149424040060D9CB /* AppDelegate.h */,
				5D36F97E149424040060D9CB /* AppDelegate.m */,
				5D36F980149424040060D9CB /* MainMenu.xib */,
				5D36F972149424040060D9CB /* Supporting Files */,
			);
			path = GraphPaperFrameworkStake;
			sourceTree = "<group>";
		};
		5D36F972149424040060D9CB /* Supporting Files */ = {
			isa = PBXGroup;
			children = (
				5D36F973149424040060D9CB /* GraphPaperFrameworkStake-Info.plist */,
				5D36F974149424040060D9CB /* InfoPlist.strings */,
				5D36F977149424040060D9CB /* main.m */,
				5D36F979149424040060D9CB /* GraphPaperFrameworkStake-Prefix.pch */,
				5D36F97A149424040060D9CB /* Credits.rtf */,
			);
			name = "Supporting Files";
			sourceTree = "<group>";
		};
		5D9EB67414A63E6C007ED66A /* GraphPaperFrameworkUnitTests */ = {
			isa = PBXGroup;
			children = (
				5D9EB67A14A63E6C007ED66A /* GraphPaperFrameworkUnitTests.h */,
				5D9EB67B14A63E6C007ED66A /* GraphPaperFrameworkUnitTests.m */,
				5D9EB67514A63E6C007ED66A /* Supporting Files */,
			);
			path = GraphPaperFrameworkUnitTests;
			sourceTree = "<group>";
		};
		5D9EB67514A63E6C007ED66A /* Supporting Files */ = {
			isa = PBXGroup;
			children = (
				5D9EB67614A63E6C007ED66A /* GraphPaperFrameworkUnitTests-Info.plist */,
				5D9EB67714A63E6C007ED66A /* InfoPlist.strings */,
				5D9EB67D14A63E6C007ED66A /* GraphPaperFrameworkUnitTests-Prefix.pch */,
			);
			name = "Supporting Files";
			sourceTree = "<group>";
		};
/* End PBXGroup section */

/* Begin PBXHeadersBuildPhase section */
		5D07D36D143A7107004BC2A1 /* Headers */ = {
			isa = PBXHeadersBuildPhase;
			buildActionMask = 2147483647;
			files = (
				5D07D3AE143A7123004BC2A1 /* GraphPaperCell.h in Headers */,
				5D07D3B0143A7123004BC2A1 /* GraphPaperView.h in Headers */,
				5D07D3B2143A7123004BC2A1 /* CellSource.h in Headers */,
				5D07D3B3143A7123004BC2A1 /* GraphPaperCellController.h in Headers */,
				5D9EB65614A5454B007ED66A /* ClickSource.h in Headers */,
				5D9EB66114A6022A007ED66A /* CellSourceConstants.h in Headers */,
				5D9EB66514A60796007ED66A /* ClickSourceConstants.h in Headers */,
			);
			runOnlyForDeploymentPostprocessing = 0;
		};
/* End PBXHeadersBuildPhase section */

/* Begin PBXNativeTarget section */
		5D07D36F143A7107004BC2A1 /* GraphPaperFramework */ = {
			isa = PBXNativeTarget;
			buildConfigurationList = 5D07D39A143A7107004BC2A1 /* Build configuration list for PBXNativeTarget "GraphPaperFramework" */;
			buildPhases = (
				5D07D36B143A7107004BC2A1 /* Sources */,
				5D07D36C143A7107004BC2A1 /* Frameworks */,
				5D07D36D143A7107004BC2A1 /* Headers */,
				5D07D36E143A7107004BC2A1 /* Resources */,
				5D171D2514409CBA0020BFF8 /* Copy Frameworks */,
			);
			buildRules = (
			);
			dependencies = (
			);
			name = GraphPaperFramework;
			productName = GraphPaperFramework;
			productReference = 5D07D370143A7107004BC2A1 /* GraphPaperFramework.framework */;
			productType = "com.apple.product-type.framework";
		};
		5D36F96D149424040060D9CB /* GraphPaperFrameworkStake */ = {
			isa = PBXNativeTarget;
			buildConfigurationList = 5D36F996149424040060D9CB /* Build configuration list for PBXNativeTarget "GraphPaperFrameworkStake" */;
			buildPhases = (
				5D36F96A149424040060D9CB /* Sources */,
				5D36F96B149424040060D9CB /* Frameworks */,
				5D36F96C149424040060D9CB /* Resources */,
				5D36F99F149430400060D9CB /* CopyFiles */,
			);
			buildRules = (
			);
			dependencies = (
				5D36F99D14942F350060D9CB /* PBXTargetDependency */,
			);
			name = GraphPaperFrameworkStake;
			productName = GraphPaperFrameworkStake;
			productReference = 5D36F96E149424040060D9CB /* GraphPaperFrameworkStake.app */;
			productType = "com.apple.product-type.application";
		};
		5D9EB67014A63E6C007ED66A /* GraphPaperFrameworkUnitTests */ = {
			isa = PBXNativeTarget;
			buildConfigurationList = 5D9EB67E14A63E6C007ED66A /* Build configuration list for PBXNativeTarget "GraphPaperFrameworkUnitTests" */;
			buildPhases = (
				5D9EB66C14A63E6C007ED66A /* Sources */,
				5D9EB66D14A63E6C007ED66A /* Frameworks */,
				5D9EB66E14A63E6C007ED66A /* Resources */,
				5D9EB66F14A63E6C007ED66A /* ShellScript */,
			);
			buildRules = (
			);
			dependencies = (
			);
			name = GraphPaperFrameworkUnitTests;
			productName = GraphPaperFrameworkUnitTests;
			productReference = 5D9EB67114A63E6C007ED66A /* GraphPaperFrameworkUnitTests.octest */;
			productType = "com.apple.product-type.bundle";
		};
/* End PBXNativeTarget section */

/* Begin PBXProject section */
		5D07D366143A7107004BC2A1 /* Project object */ = {
			isa = PBXProject;
			attributes = {
				LastUpgradeCheck = 0420;
				ORGANIZATIONNAME = HomeForDerangedScientists;
			};
			buildConfigurationList = 5D07D369143A7107004BC2A1 /* Build configuration list for PBXProject "GraphPaperFramework" */;
			compatibilityVersion = "Xcode 3.2";
			developmentRegion = English;
			hasScannedForEncodings = 0;
			knownRegions = (
				en,
			);
			mainGroup = 5D07D364143A7107004BC2A1;
			productRefGroup = 5D07D371143A7107004BC2A1 /* Products */;
			projectDirPath = "";
			projectRoot = "";
			targets = (
				5D07D36F143A7107004BC2A1 /* GraphPaperFramework */,
				5D36F96D149424040060D9CB /* GraphPaperFrameworkStake */,
				5D9EB67014A63E6C007ED66A /* GraphPaperFrameworkUnitTests */,
			);
		};
/* End PBXProject section */

/* Begin PBXResourcesBuildPhase section */
		5D07D36E143A7107004BC2A1 /* Resources */ = {
			isa = PBXResourcesBuildPhase;
			buildActionMask = 2147483647;
			files = (
				5D07D37E143A7107004BC2A1 /* InfoPlist.strings in Resources */,
			);
			runOnlyForDeploymentPostprocessing = 0;
		};
		5D36F96C149424040060D9CB /* Resources */ = {
			isa = PBXResourcesBuildPhase;
			buildActionMask = 2147483647;
			files = (
				5D36F976149424040060D9CB /* InfoPlist.strings in Resources */,
				5D36F97C149424040060D9CB /* Credits.rtf in Resources */,
				5D36F982149424040060D9CB /* MainMenu.xib in Resources */,
			);
			runOnlyForDeploymentPostprocessing = 0;
		};
		5D9EB66E14A63E6C007ED66A /* Resources */ = {
			isa = PBXResourcesBuildPhase;
			buildActionMask = 2147483647;
			files = (
				5D9EB67914A63E6C007ED66A /* InfoPlist.strings in Resources */,
			);
			runOnlyForDeploymentPostprocessing = 0;
		};
/* End PBXResourcesBuildPhase section */

/* Begin PBXShellScriptBuildPhase section */
		5D9EB66F14A63E6C007ED66A /* ShellScript */ = {
			isa = PBXShellScriptBuildPhase;
			buildActionMask = 2147483647;
			files = (
			);
			inputPaths = (
			);
			outputPaths = (
			);
			runOnlyForDeploymentPostprocessing = 0;
			shellPath = /bin/sh;
			shellScript = "# Run the unit tests in this test bundle.\n\"${SYSTEM_DEVELOPER_DIR}/Tools/RunUnitTests\"\n";
		};
/* End PBXShellScriptBuildPhase section */

/* Begin PBXSourcesBuildPhase section */
		5D07D36B143A7107004BC2A1 /* Sources */ = {
			isa = PBXSourcesBuildPhase;
			buildActionMask = 2147483647;
			files = (
				5D07D3AF143A7123004BC2A1 /* GraphPaperCell.m in Sources */,
				5D07D3B1143A7123004BC2A1 /* GraphPaperView.m in Sources */,
				5D07D3B4143A7123004BC2A1 /* GraphPaperCellController.m in Sources */,
				5D9EB66214A6022A007ED66A /* CellSourceConstants.m in Sources */,
				5D9EB66614A60796007ED66A /* ClickSourceConstants.m in Sources */,
			);
			runOnlyForDeploymentPostprocessing = 0;
		};
		5D36F96A149424040060D9CB /* Sources */ = {
			isa = PBXSourcesBuildPhase;
			buildActionMask = 2147483647;
			files = (
				5D36F978149424040060D9CB /* main.m in Sources */,
				5D36F97F149424040060D9CB /* AppDelegate.m in Sources */,
			);
			runOnlyForDeploymentPostprocessing = 0;
		};
		5D9EB66C14A63E6C007ED66A /* Sources */ = {
			isa = PBXSourcesBuildPhase;
			buildActionMask = 2147483647;
			files = (
				5D9EB67C14A63E6C007ED66A /* GraphPaperFrameworkUnitTests.m in Sources */,
			);
			runOnlyForDeploymentPostprocessing = 0;
		};
/* End PBXSourcesBuildPhase section */

/* Begin PBXTargetDependency section */
		5D36F99D14942F350060D9CB /* PBXTargetDependency */ = {
			isa = PBXTargetDependency;
			target = 5D07D36F143A7107004BC2A1 /* GraphPaperFramework */;
			targetProxy = 5D36F99C14942F350060D9CB /* PBXContainerItemProxy */;
		};
/* End PBXTargetDependency section */

/* Begin PBXVariantGroup section */
		5D07D37C143A7107004BC2A1 /* InfoPlist.strings */ = {
			isa = PBXVariantGroup;
			children = (
				5D07D37D143A7107004BC2A1 /* en */,
			);
			name = InfoPlist.strings;
			sourceTree = "<group>";
		};
		5D36F974149424040060D9CB /* InfoPlist.strings */ = {
			isa = PBXVariantGroup;
			children = (
				5D36F975149424040060D9CB /* en */,
			);
			name = InfoPlist.strings;
			sourceTree = "<group>";
		};
		5D36F97A149424040060D9CB /* Credits.rtf */ = {
			isa = PBXVariantGroup;
			children = (
				5D36F97B149424040060D9CB /* en */,
			);
			name = Credits.rtf;
			sourceTree = "<group>";
		};
		5D36F980149424040060D9CB /* MainMenu.xib */ = {
			isa = PBXVariantGroup;
			children = (
				5D36F981149424040060D9CB /* en */,
			);
			name = MainMenu.xib;
			sourceTree = "<group>";
		};
		5D9EB67714A63E6C007ED66A /* InfoPlist.strings */ = {
			isa = PBXVariantGroup;
			children = (
				5D9EB67814A63E6C007ED66A /* en */,
			);
			name = InfoPlist.strings;
			sourceTree = "<group>";
		};
/* End PBXVariantGroup section */

/* Begin XCBuildConfiguration section */
		5D07D398143A7107004BC2A1 /* Debug */ = {
			isa = XCBuildConfiguration;
			buildSettings = {
				ALWAYS_SEARCH_USER_PATHS = NO;
				ARCHS = "$(ARCHS_STANDARD_64_BIT)";
				CLANG_ENABLE_OBJC_ARC = YES;
				COPY_PHASE_STRIP = NO;
				GCC_C_LANGUAGE_STANDARD = gnu99;
				GCC_DYNAMIC_NO_PIC = NO;
				GCC_ENABLE_OBJC_EXCEPTIONS = YES;
				GCC_OPTIMIZATION_LEVEL = 0;
				GCC_PREPROCESSOR_DEFINITIONS = (
					"DEBUG=1",
					"$(inherited)",
				);
				GCC_SYMBOLS_PRIVATE_EXTERN = NO;
				GCC_VERSION = com.apple.compilers.llvm.clang.1_0;
				GCC_WARN_64_TO_32_BIT_CONVERSION = YES;
				GCC_WARN_ABOUT_MISSING_PROTOTYPES = YES;
				GCC_WARN_ABOUT_RETURN_TYPE = YES;
				GCC_WARN_UNUSED_VARIABLE = YES;
				MACOSX_DEPLOYMENT_TARGET = 10.7;
				ONLY_ACTIVE_ARCH = YES;
				SDKROOT = macosx;
			};
			name = Debug;
		};
		5D07D399143A7107004BC2A1 /* Release */ = {
			isa = XCBuildConfiguration;
			buildSettings = {
				ALWAYS_SEARCH_USER_PATHS = NO;
				ARCHS = "$(ARCHS_STANDARD_64_BIT)";
				CLANG_ENABLE_OBJC_ARC = YES;
				COPY_PHASE_STRIP = YES;
				DEBUG_INFORMATION_FORMAT = "dwarf-with-dsym";
				GCC_C_LANGUAGE_STANDARD = gnu99;
				GCC_ENABLE_OBJC_EXCEPTIONS = YES;
				GCC_VERSION = com.apple.compilers.llvm.clang.1_0;
				GCC_WARN_64_TO_32_BIT_CONVERSION = YES;
				GCC_WARN_ABOUT_MISSING_PROTOTYPES = YES;
				GCC_WARN_ABOUT_RETURN_TYPE = YES;
				GCC_WARN_UNUSED_VARIABLE = YES;
				MACOSX_DEPLOYMENT_TARGET = 10.7;
				SDKROOT = macosx;
			};
			name = Release;
		};
		5D07D39B143A7107004BC2A1 /* Debug */ = {
			isa = XCBuildConfiguration;
			buildSettings = {
				DYLIB_COMPATIBILITY_VERSION = 1;
				DYLIB_CURRENT_VERSION = 1;
				FRAMEWORK_SEARCH_PATHS = (
					"$(inherited)",
					"\"$(SRCROOT)\"",
				);
				FRAMEWORK_VERSION = A;
				GCC_PRECOMPILE_PREFIX_HEADER = YES;
				GCC_PREFIX_HEADER = "GraphPaperFramework/GraphPaperFramework-Prefix.pch";
				INFOPLIST_FILE = "GraphPaperFramework/GraphPaperFramework-Info.plist";
				INSTALL_PATH = "@executable_path/../Frameworks";
				PRODUCT_NAME = "$(TARGET_NAME)";
				WRAPPER_EXTENSION = framework;
			};
			name = Debug;
		};
		5D07D39C143A7107004BC2A1 /* Release */ = {
			isa = XCBuildConfiguration;
			buildSettings = {
				DYLIB_COMPATIBILITY_VERSION = 1;
				DYLIB_CURRENT_VERSION = 1;
				FRAMEWORK_SEARCH_PATHS = (
					"$(inherited)",
					"\"$(SRCROOT)\"",
				);
				FRAMEWORK_VERSION = A;
				GCC_PRECOMPILE_PREFIX_HEADER = YES;
				GCC_PREFIX_HEADER = "GraphPaperFramework/GraphPaperFramework-Prefix.pch";
				INFOPLIST_FILE = "GraphPaperFramework/GraphPaperFramework-Info.plist";
				INSTALL_PATH = "@executable_path/../Frameworks";
				PRODUCT_NAME = "$(TARGET_NAME)";
				WRAPPER_EXTENSION = framework;
			};
			name = Release;
		};
		5D36F997149424040060D9CB /* Debug */ = {
			isa = XCBuildConfiguration;
			buildSettings = {
				GCC_PRECOMPILE_PREFIX_HEADER = YES;
				GCC_PREFIX_HEADER = "GraphPaperFrameworkStake/GraphPaperFrameworkStake-Prefix.pch";
				INFOPLIST_FILE = "GraphPaperFrameworkStake/GraphPaperFrameworkStake-Info.plist";
				PRODUCT_NAME = "$(TARGET_NAME)";
				WRAPPER_EXTENSION = app;
			};
			name = Debug;
		};
		5D36F998149424040060D9CB /* Release */ = {
			isa = XCBuildConfiguration;
			buildSettings = {
				GCC_PRECOMPILE_PREFIX_HEADER = YES;
				GCC_PREFIX_HEADER = "GraphPaperFrameworkStake/GraphPaperFrameworkStake-Prefix.pch";
				INFOPLIST_FILE = "GraphPaperFrameworkStake/GraphPaperFrameworkStake-Info.plist";
				PRODUCT_NAME = "$(TARGET_NAME)";
				WRAPPER_EXTENSION = app;
			};
			name = Release;
		};
		5D9EB67F14A63E6C007ED66A /* Debug */ = {
			isa = XCBuildConfiguration;
			buildSettings = {
				FRAMEWORK_SEARCH_PATHS = "$(DEVELOPER_LIBRARY_DIR)/Frameworks";
				GCC_PRECOMPILE_PREFIX_HEADER = YES;
				GCC_PREFIX_HEADER = "GraphPaperFrameworkUnitTests/GraphPaperFrameworkUnitTests-Prefix.pch";
				INFOPLIST_FILE = "GraphPaperFrameworkUnitTests/GraphPaperFrameworkUnitTests-Info.plist";
				PRODUCT_NAME = "$(TARGET_NAME)";
				WRAPPER_EXTENSION = octest;
			};
			name = Debug;
		};
		5D9EB68014A63E6C007ED66A /* Release */ = {
			isa = XCBuildConfiguration;
			buildSettings = {
				FRAMEWORK_SEARCH_PATHS = "$(DEVELOPER_LIBRARY_DIR)/Frameworks";
				GCC_PRECOMPILE_PREFIX_HEADER = YES;
				GCC_PREFIX_HEADER = "GraphPaperFrameworkUnitTests/GraphPaperFrameworkUnitTests-Prefix.pch";
				INFOPLIST_FILE = "GraphPaperFrameworkUnitTests/GraphPaperFrameworkUnitTests-Info.plist";
				PRODUCT_NAME = "$(TARGET_NAME)";
				WRAPPER_EXTENSION = octest;
			};
			name = Release;
		};
/* End XCBuildConfiguration section */

/* Begin XCConfigurationList section */
		5D07D369143A7107004BC2A1 /* Build configuration list for PBXProject "GraphPaperFramework" */ = {
			isa = XCConfigurationList;
			buildConfigurations = (
				5D07D398143A7107004BC2A1 /* Debug */,
				5D07D399143A7107004BC2A1 /* Release */,
			);
			defaultConfigurationIsVisible = 0;
			defaultConfigurationName = Release;
		};
		5D07D39A143A7107004BC2A1 /* Build configuration list for PBXNativeTarget "GraphPaperFramework" */ = {
			isa = XCConfigurationList;
			buildConfigurations = (
				5D07D39B143A7107004BC2A1 /* Debug */,
				5D07D39C143A7107004BC2A1 /* Release */,
			);
			defaultConfigurationIsVisible = 0;
			defaultConfigurationName = Release;
		};
		5D36F996149424040060D9CB /* Build configuration list for PBXNativeTarget "GraphPaperFrameworkStake" */ = {
			isa = XCConfigurationList;
			buildConfigurations = (
				5D36F997149424040060D9CB /* Debug */,
				5D36F998149424040060D9CB /* Release */,
			);
			defaultConfigurationIsVisible = 0;
			defaultConfigurationName = Release;
		};
		5D9EB67E14A63E6C007ED66A /* Build configuration list for PBXNativeTarget "GraphPaperFrameworkUnitTests" */ = {
			isa = XCConfigurationList;
			buildConfigurations = (
				5D9EB67F14A63E6C007ED66A /* Debug */,
				5D9EB68014A63E6C007ED66A /* Release */,
			);
			defaultConfigurationIsVisible = 0;
		};
/* End XCConfigurationList section */
	};
	rootObject = 5D07D366143A7107004BC2A1 /* Project object */;
}
