// !$*UTF8*$!
{
	archiveVersion = 1;
	classes = {
	};
	objectVersion = 46;
	objects = {

/* Begin PBXBuildFile section */
		5D07D374143A7107004BC2A1 /* Cocoa.framework in Frameworks */ = {isa = PBXBuildFile; fileRef = 5D07D373143A7107004BC2A1 /* Cocoa.framework */; };
		5D07D37E143A7107004BC2A1 /* InfoPlist.strings in Resources */ = {isa = PBXBuildFile; fileRef = 5D07D37C143A7107004BC2A1 /* InfoPlist.strings */; };
		5D07D382143A7107004BC2A1 /* GraphPaperFramework.m in Sources */ = {isa = PBXBuildFile; fileRef = 5D07D381143A7107004BC2A1 /* GraphPaperFramework.m */; };
		5D07D38A143A7107004BC2A1 /* SenTestingKit.framework in Frameworks */ = {isa = PBXBuildFile; fileRef = 5D07D389143A7107004BC2A1 /* SenTestingKit.framework */; };
		5D07D38B143A7107004BC2A1 /* Cocoa.framework in Frameworks */ = {isa = PBXBuildFile; fileRef = 5D07D373143A7107004BC2A1 /* Cocoa.framework */; };
		5D07D38E143A7107004BC2A1 /* GraphPaperFramework.framework in Frameworks */ = {isa = PBXBuildFile; fileRef = 5D07D370143A7107004BC2A1 /* GraphPaperFramework.framework */; };
		5D07D394143A7107004BC2A1 /* InfoPlist.strings in Resources */ = {isa = PBXBuildFile; fileRef = 5D07D392143A7107004BC2A1 /* InfoPlist.strings */; };
		5D07D397143A7107004BC2A1 /* GraphPaperFrameworkTests.m in Sources */ = {isa = PBXBuildFile; fileRef = 5D07D396143A7107004BC2A1 /* GraphPaperFrameworkTests.m */; };
/* End PBXBuildFile section */

/* Begin PBXContainerItemProxy section */
		5D07D38C143A7107004BC2A1 /* PBXContainerItemProxy */ = {
			isa = PBXContainerItemProxy;
			containerPortal = 5D07D366143A7107004BC2A1 /* Project object */;
			proxyType = 1;
			remoteGlobalIDString = 5D07D36F143A7107004BC2A1;
			remoteInfo = GraphPaperFramework;
		};
/* End PBXContainerItemProxy section */

/* Begin PBXFileReference section */
		5D07D370143A7107004BC2A1 /* GraphPaperFramework.framework */ = {isa = PBXFileReference; explicitFileType = wrapper.framework; includeInIndex = 0; path = GraphPaperFramework.framework; sourceTree = BUILT_PRODUCTS_DIR; };
		5D07D373143A7107004BC2A1 /* Cocoa.framework */ = {isa = PBXFileReference; lastKnownFileType = wrapper.framework; name = Cocoa.framework; path = System/Library/Frameworks/Cocoa.framework; sourceTree = SDKROOT; };
		5D07D376143A7107004BC2A1 /* AppKit.framework */ = {isa = PBXFileReference; lastKnownFileType = wrapper.framework; name = AppKit.framework; path = System/Library/Frameworks/AppKit.framework; sourceTree = SDKROOT; };
		5D07D377143A7107004BC2A1 /* CoreData.framework */ = {isa = PBXFileReference; lastKnownFileType = wrapper.framework; name = CoreData.framework; path = System/Library/Frameworks/CoreData.framework; sourceTree = SDKROOT; };
		5D07D378143A7107004BC2A1 /* Foundation.framework */ = {isa = PBXFileReference; lastKnownFileType = wrapper.framework; name = Foundation.framework; path = System/Library/Frameworks/Foundation.framework; sourceTree = SDKROOT; };
		5D07D37B143A7107004BC2A1 /* GraphPaperFramework-Info.plist */ = {isa = PBXFileReference; path = "GraphPaperFramework-Info.plist"; sourceTree = "<group>"; };
		5D07D37D143A7107004BC2A1 /* en */ = {isa = PBXFileReference; lastKnownFileType = text.plist.strings; name = en; path = en.lproj/InfoPlist.strings; sourceTree = "<group>"; };
		5D07D37F143A7107004BC2A1 /* GraphPaperFramework-Prefix.pch */ = {isa = PBXFileReference; path = "GraphPaperFramework-Prefix.pch"; sourceTree = "<group>"; };
		5D07D380143A7107004BC2A1 /* GraphPaperFramework.h */ = {isa = PBXFileReference; path = GraphPaperFramework.h; sourceTree = "<group>"; };
		5D07D381143A7107004BC2A1 /* GraphPaperFramework.m */ = {isa = PBXFileReference; lastKnownFileType = sourcecode.c.objc; path = GraphPaperFramework.m; sourceTree = "<group>"; };
		5D07D388143A7107004BC2A1 /* GraphPaperFrameworkTests.octest */ = {isa = PBXFileReference; explicitFileType = wrapper.cfbundle; includeInIndex = 0; path = GraphPaperFrameworkTests.octest; sourceTree = BUILT_PRODUCTS_DIR; };
		5D07D389143A7107004BC2A1 /* SenTestingKit.framework */ = {isa = PBXFileReference; lastKnownFileType = wrapper.framework; name = SenTestingKit.framework; path = Library/Frameworks/SenTestingKit.framework; sourceTree = DEVELOPER_DIR; };
		5D07D391143A7107004BC2A1 /* GraphPaperFrameworkTests-Info.plist */ = {isa = PBXFileReference; path = "GraphPaperFrameworkTests-Info.plist"; sourceTree = "<group>"; };
		5D07D393143A7107004BC2A1 /* en */ = {isa = PBXFileReference; lastKnownFileType = text.plist.strings; name = en; path = en.lproj/InfoPlist.strings; sourceTree = "<group>"; };
		5D07D395143A7107004BC2A1 /* GraphPaperFrameworkTests.h */ = {isa = PBXFileReference; path = GraphPaperFrameworkTests.h; sourceTree = "<group>"; };
		5D07D396143A7107004BC2A1 /* GraphPaperFrameworkTests.m */ = {isa = PBXFileReference; lastKnownFileType = sourcecode.c.objc; path = GraphPaperFrameworkTests.m; sourceTree = "<group>"; };
/* End PBXFileReference section */

/* Begin PBXFrameworksBuildPhase section */
		5D07D36C143A7107004BC2A1 /* Frameworks */ = {
			isa = PBXFrameworksBuildPhase;
			buildActionMask = 2147483647;
			files = (
				5D07D374143A7107004BC2A1 /* Cocoa.framework in Frameworks */,
			);
			runOnlyForDeploymentPostprocessing = 0;
		};
		5D07D384143A7107004BC2A1 /* Frameworks */ = {
			isa = PBXFrameworksBuildPhase;
			buildActionMask = 2147483647;
			files = (
				5D07D38A143A7107004BC2A1 /* SenTestingKit.framework in Frameworks */,
				5D07D38B143A7107004BC2A1 /* Cocoa.framework in Frameworks */,
				5D07D38E143A7107004BC2A1 /* GraphPaperFramework.framework in Frameworks */,
			);
			runOnlyForDeploymentPostprocessing = 0;
		};
/* End PBXFrameworksBuildPhase section */

/* Begin PBXGroup section */
		5D07D364143A7107004BC2A1 = {
			isa = PBXGroup;
			children = (
				5D07D379143A7107004BC2A1 /* GraphPaperFramework */,
				5D07D38F143A7107004BC2A1 /* GraphPaperFrameworkTests */,
				5D07D372143A7107004BC2A1 /* Frameworks */,
				5D07D371143A7107004BC2A1 /* Products */,
			);
			sourceTree = "<group>";
		};
		5D07D371143A7107004BC2A1 /* Products */ = {
			isa = PBXGroup;
			children = (
				5D07D370143A7107004BC2A1 /* GraphPaperFramework.framework */,
				5D07D388143A7107004BC2A1 /* GraphPaperFrameworkTests.octest */,
			);
			name = Products;
			sourceTree = "<group>";
		};
		5D07D372143A7107004BC2A1 /* Frameworks */ = {
			isa = PBXGroup;
			children = (
				5D07D373143A7107004BC2A1 /* Cocoa.framework */,
				5D07D389143A7107004BC2A1 /* SenTestingKit.framework */,
				5D07D375143A7107004BC2A1 /* Other Frameworks */,
			);
			name = Frameworks;
			sourceTree = "<group>";
		};
		5D07D375143A7107004BC2A1 /* Other Frameworks */ = {
			isa = PBXGroup;
			children = (
				5D07D376143A7107004BC2A1 /* AppKit.framework */,
				5D07D377143A7107004BC2A1 /* CoreData.framework */,
				5D07D378143A7107004BC2A1 /* Foundation.framework */,
			);
			name = "Other Frameworks";
			sourceTree = "<group>";
		};
		5D07D379143A7107004BC2A1 /* GraphPaperFramework */ = {
			isa = PBXGroup;
			children = (
				5D07D380143A7107004BC2A1 /* GraphPaperFramework.h */,
				5D07D381143A7107004BC2A1 /* GraphPaperFramework.m */,
				5D07D37A143A7107004BC2A1 /* Supporting Files */,
			);
			path = GraphPaperFramework;
			sourceTree = "<group>";
		};
		5D07D37A143A7107004BC2A1 /* Supporting Files */ = {
			isa = PBXGroup;
			children = (
				5D07D37B143A7107004BC2A1 /* GraphPaperFramework-Info.plist */,
				5D07D37C143A7107004BC2A1 /* InfoPlist.strings */,
				5D07D37F143A7107004BC2A1 /* GraphPaperFramework-Prefix.pch */,
			);
			name = "Supporting Files";
			sourceTree = "<group>";
		};
		5D07D38F143A7107004BC2A1 /* GraphPaperFrameworkTests */ = {
			isa = PBXGroup;
			children = (
				5D07D395143A7107004BC2A1 /* GraphPaperFrameworkTests.h */,
				5D07D396143A7107004BC2A1 /* GraphPaperFrameworkTests.m */,
				5D07D390143A7107004BC2A1 /* Supporting Files */,
			);
			path = GraphPaperFrameworkTests;
			sourceTree = "<group>";
		};
		5D07D390143A7107004BC2A1 /* Supporting Files */ = {
			isa = PBXGroup;
			children = (
				5D07D391143A7107004BC2A1 /* GraphPaperFrameworkTests-Info.plist */,
				5D07D392143A7107004BC2A1 /* InfoPlist.strings */,
			);
			name = "Supporting Files";
			sourceTree = "<group>";
		};
/* End PBXGroup section */

/* Begin PBXHeadersBuildPhase section */
		5D07D36D143A7107004BC2A1 /* Headers */ = {
			isa = PBXHeadersBuildPhase;
			buildActionMask = 2147483647;
			files = (
			);
			runOnlyForDeploymentPostprocessing = 0;
		};
/* End PBXHeadersBuildPhase section */

/* Begin PBXNativeTarget section */
		5D07D36F143A7107004BC2A1 /* GraphPaperFramework */ = {
			isa = PBXNativeTarget;
			buildConfigurationList = 5D07D39A143A7107004BC2A1 /* Build configuration list for PBXNativeTarget "GraphPaperFramework" */;
			buildPhases = (
				5D07D36B143A7107004BC2A1 /* Sources */,
				5D07D36C143A7107004BC2A1 /* Frameworks */,
				5D07D36D143A7107004BC2A1 /* Headers */,
				5D07D36E143A7107004BC2A1 /* Resources */,
			);
			buildRules = (
			);
			dependencies = (
			);
			name = GraphPaperFramework;
			productName = GraphPaperFramework;
			productReference = 5D07D370143A7107004BC2A1 /* GraphPaperFramework.framework */;
			productType = "com.apple.product-type.framework";
		};
		5D07D387143A7107004BC2A1 /* GraphPaperFrameworkTests */ = {
			isa = PBXNativeTarget;
			buildConfigurationList = 5D07D39D143A7107004BC2A1 /* Build configuration list for PBXNativeTarget "GraphPaperFrameworkTests" */;
			buildPhases = (
				5D07D383143A7107004BC2A1 /* Sources */,
				5D07D384143A7107004BC2A1 /* Frameworks */,
				5D07D385143A7107004BC2A1 /* Resources */,
				5D07D386143A7107004BC2A1 /* ShellScript */,
			);
			buildRules = (
			);
			dependencies = (
				5D07D38D143A7107004BC2A1 /* PBXTargetDependency */,
			);
			name = GraphPaperFrameworkTests;
			productName = GraphPaperFrameworkTests;
			productReference = 5D07D388143A7107004BC2A1 /* GraphPaperFrameworkTests.octest */;
			productType = "com.apple.product-type.bundle";
		};
/* End PBXNativeTarget section */

/* Begin PBXProject section */
		5D07D366143A7107004BC2A1 /* Project object */ = {
			isa = PBXProject;
			attributes = {
				LastUpgradeCheck = 0420;
				ORGANIZATIONNAME = HomeForDerangedScientists;
			};
			buildConfigurationList = 5D07D369143A7107004BC2A1 /* Build configuration list for PBXProject "GraphPaperFramework" */;
			compatibilityVersion = "Xcode 3.2";
			developmentRegion = English;
			hasScannedForEncodings = 0;
			knownRegions = (
				en,
			);
			mainGroup = 5D07D364143A7107004BC2A1;
			productRefGroup = 5D07D371143A7107004BC2A1 /* Products */;
			projectDirPath = "";
			projectRoot = "";
			targets = (
				5D07D36F143A7107004BC2A1 /* GraphPaperFramework */,
				5D07D387143A7107004BC2A1 /* GraphPaperFrameworkTests */,
			);
		};
/* End PBXProject section */

/* Begin PBXResourcesBuildPhase section */
		5D07D36E143A7107004BC2A1 /* Resources */ = {
			isa = PBXResourcesBuildPhase;
			buildActionMask = 2147483647;
			files = (
				5D07D37E143A7107004BC2A1 /* InfoPlist.strings in Resources */,
			);
			runOnlyForDeploymentPostprocessing = 0;
		};
		5D07D385143A7107004BC2A1 /* Resources */ = {
			isa = PBXResourcesBuildPhase;
			buildActionMask = 2147483647;
			files = (
				5D07D394143A7107004BC2A1 /* InfoPlist.strings in Resources */,
			);
			runOnlyForDeploymentPostprocessing = 0;
		};
/* End PBXResourcesBuildPhase section */

/* Begin PBXShellScriptBuildPhase section */
		5D07D386143A7107004BC2A1 /* ShellScript */ = {
			isa = PBXShellScriptBuildPhase;
			buildActionMask = 2147483647;
			files = (
			);
			inputPaths = (
			);
			outputPaths = (
			);
			runOnlyForDeploymentPostprocessing = 0;
			shellPath = /bin/sh;
			shellScript = "# Run the unit tests in this test bundle.\n\"${SYSTEM_DEVELOPER_DIR}/Tools/RunUnitTests\"\n";
		};
/* End PBXShellScriptBuildPhase section */

/* Begin PBXSourcesBuildPhase section */
		5D07D36B143A7107004BC2A1 /* Sources */ = {
			isa = PBXSourcesBuildPhase;
			buildActionMask = 2147483647;
			files = (
				5D07D382143A7107004BC2A1 /* GraphPaperFramework.m in Sources */,
			);
			runOnlyForDeploymentPostprocessing = 0;
		};
		5D07D383143A7107004BC2A1 /* Sources */ = {
			isa = PBXSourcesBuildPhase;
			buildActionMask = 2147483647;
			files = (
				5D07D397143A7107004BC2A1 /* GraphPaperFrameworkTests.m in Sources */,
			);
			runOnlyForDeploymentPostprocessing = 0;
		};
/* End PBXSourcesBuildPhase section */

/* Begin PBXTargetDependency section */
		5D07D38D143A7107004BC2A1 /* PBXTargetDependency */ = {
			isa = PBXTargetDependency;
			target = 5D07D36F143A7107004BC2A1 /* GraphPaperFramework */;
			targetProxy = 5D07D38C143A7107004BC2A1 /* PBXContainerItemProxy */;
		};
/* End PBXTargetDependency section */

/* Begin PBXVariantGroup section */
		5D07D37C143A7107004BC2A1 /* InfoPlist.strings */ = {
			isa = PBXVariantGroup;
			children = (
				5D07D37D143A7107004BC2A1 /* en */,
			);
			name = InfoPlist.strings;
			sourceTree = "<group>";
		};
		5D07D392143A7107004BC2A1 /* InfoPlist.strings */ = {
			isa = PBXVariantGroup;
			children = (
				5D07D393143A7107004BC2A1 /* en */,
			);
			name = InfoPlist.strings;
			sourceTree = "<group>";
		};
/* End PBXVariantGroup section */

/* Begin XCBuildConfiguration section */
		5D07D398143A7107004BC2A1 /* Debug */ = {
			isa = XCBuildConfiguration;
			buildSettings = {
				ALWAYS_SEARCH_USER_PATHS = NO;
				ARCHS = "$(ARCHS_STANDARD_64_BIT)";
				CLANG_ENABLE_OBJC_ARC = YES;
				COPY_PHASE_STRIP = NO;
				GCC_C_LANGUAGE_STANDARD = gnu99;
				GCC_DYNAMIC_NO_PIC = NO;
				GCC_ENABLE_OBJC_EXCEPTIONS = YES;
				GCC_OPTIMIZATION_LEVEL = 0;
				GCC_PREPROCESSOR_DEFINITIONS = (
					"DEBUG=1",
					"$(inherited)",
				);
				GCC_SYMBOLS_PRIVATE_EXTERN = NO;
				GCC_VERSION = com.apple.compilers.llvm.clang.1_0;
				GCC_WARN_64_TO_32_BIT_CONVERSION = YES;
				GCC_WARN_ABOUT_MISSING_PROTOTYPES = YES;
				GCC_WARN_ABOUT_RETURN_TYPE = YES;
				GCC_WARN_UNUSED_VARIABLE = YES;
				MACOSX_DEPLOYMENT_TARGET = 10.7;
				ONLY_ACTIVE_ARCH = YES;
				SDKROOT = macosx;
			};
			name = Debug;
		};
		5D07D399143A7107004BC2A1 /* Release */ = {
			isa = XCBuildConfiguration;
			buildSettings = {
				ALWAYS_SEARCH_USER_PATHS = NO;
				ARCHS = "$(ARCHS_STANDARD_64_BIT)";
				CLANG_ENABLE_OBJC_ARC = YES;
				COPY_PHASE_STRIP = YES;
				DEBUG_INFORMATION_FORMAT = "dwarf-with-dsym";
				GCC_C_LANGUAGE_STANDARD = gnu99;
				GCC_ENABLE_OBJC_EXCEPTIONS = YES;
				GCC_VERSION = com.apple.compilers.llvm.clang.1_0;
				GCC_WARN_64_TO_32_BIT_CONVERSION = YES;
				GCC_WARN_ABOUT_MISSING_PROTOTYPES = YES;
				GCC_WARN_ABOUT_RETURN_TYPE = YES;
				GCC_WARN_UNUSED_VARIABLE = YES;
				MACOSX_DEPLOYMENT_TARGET = 10.7;
				SDKROOT = macosx;
			};
			name = Release;
		};
		5D07D39B143A7107004BC2A1 /* Debug */ = {
			isa = XCBuildConfiguration;
			buildSettings = {
				DYLIB_COMPATIBILITY_VERSION = 1;
				DYLIB_CURRENT_VERSION = 1;
				FRAMEWORK_VERSION = A;
				GCC_PRECOMPILE_PREFIX_HEADER = YES;
				GCC_PREFIX_HEADER = "GraphPaperFramework/GraphPaperFramework-Prefix.pch";
				INFOPLIST_FILE = "GraphPaperFramework/GraphPaperFramework-Info.plist";
				PRODUCT_NAME = "$(TARGET_NAME)";
				WRAPPER_EXTENSION = framework;
			};
			name = Debug;
		};
		5D07D39C143A7107004BC2A1 /* Release */ = {
			isa = XCBuildConfiguration;
			buildSettings = {
				DYLIB_COMPATIBILITY_VERSION = 1;
				DYLIB_CURRENT_VERSION = 1;
				FRAMEWORK_VERSION = A;
				GCC_PRECOMPILE_PREFIX_HEADER = YES;
				GCC_PREFIX_HEADER = "GraphPaperFramework/GraphPaperFramework-Prefix.pch";
				INFOPLIST_FILE = "GraphPaperFramework/GraphPaperFramework-Info.plist";
				PRODUCT_NAME = "$(TARGET_NAME)";
				WRAPPER_EXTENSION = framework;
			};
			name = Release;
		};
		5D07D39E143A7107004BC2A1 /* Debug */ = {
			isa = XCBuildConfiguration;
			buildSettings = {
				FRAMEWORK_SEARCH_PATHS = "$(DEVELOPER_LIBRARY_DIR)/Frameworks";
				GCC_PRECOMPILE_PREFIX_HEADER = YES;
				GCC_PREFIX_HEADER = "GraphPaperFramework/GraphPaperFramework-Prefix.pch";
				INFOPLIST_FILE = "GraphPaperFrameworkTests/GraphPaperFrameworkTests-Info.plist";
				PRODUCT_NAME = "$(TARGET_NAME)";
				WRAPPER_EXTENSION = octest;
			};
			name = Debug;
		};
		5D07D39F143A7107004BC2A1 /* Release */ = {
			isa = XCBuildConfiguration;
			buildSettings = {
				FRAMEWORK_SEARCH_PATHS = "$(DEVELOPER_LIBRARY_DIR)/Frameworks";
				GCC_PRECOMPILE_PREFIX_HEADER = YES;
				GCC_PREFIX_HEADER = "GraphPaperFramework/GraphPaperFramework-Prefix.pch";
				INFOPLIST_FILE = "GraphPaperFrameworkTests/GraphPaperFrameworkTests-Info.plist";
				PRODUCT_NAME = "$(TARGET_NAME)";
				WRAPPER_EXTENSION = octest;
			};
			name = Release;
		};
/* End XCBuildConfiguration section */

/* Begin XCConfigurationList section */
		5D07D369143A7107004BC2A1 /* Build configuration list for PBXProject "GraphPaperFramework" */ = {
			isa = XCConfigurationList;
			buildConfigurations = (
				5D07D398143A7107004BC2A1 /* Debug */,
				5D07D399143A7107004BC2A1 /* Release */,
			);
			defaultConfigurationIsVisible = 0;
			defaultConfigurationName = Release;
		};
		5D07D39A143A7107004BC2A1 /* Build configuration list for PBXNativeTarget "GraphPaperFramework" */ = {
			isa = XCConfigurationList;
			buildConfigurations = (
				5D07D39B143A7107004BC2A1 /* Debug */,
				5D07D39C143A7107004BC2A1 /* Release */,
			);
			defaultConfigurationIsVisible = 0;
		};
		5D07D39D143A7107004BC2A1 /* Build configuration list for PBXNativeTarget "GraphPaperFrameworkTests" */ = {
			isa = XCConfigurationList;
			buildConfigurations = (
				5D07D39E143A7107004BC2A1 /* Debug */,
				5D07D39F143A7107004BC2A1 /* Release */,
			);
			defaultConfigurationIsVisible = 0;
		};
/* End XCConfigurationList section */
	};
	rootObject = 5D07D366143A7107004BC2A1 /* Project object */;
}
